
Microsoft Visual Studio Solution File, Format Version 12.00
# Visual Studio Version 17
VisualStudioVersion = 17.3.32929.385
MinimumVisualStudioVersion = 10.0.40219.1
Project("{8BC9CEB8-8B4A-11D0-8D11-00A0C91BC942}") = "PaprikaEngine", "PaprikaEngine.vcxproj", "{957E1FAA-BFFE-48CC-B5EA-65A8877013CB}"
EndProject
Global
	GlobalSection(SolutionConfigurationPlatforms) = preSolution
		Debug|ARM = Debug|ARM
		Debug|ARM64 = Debug|ARM64
		Debug|x64 = Debug|x64
		Debug|x86 = Debug|x86
		Release|ARM = Release|ARM
		Release|ARM64 = Release|ARM64
		Release|x64 = Release|x64
		Release|x86 = Release|x86
	EndGlobalSection
	GlobalSection(ProjectConfigurationPlatforms) = postSolution
		{957E1FAA-BFFE-48CC-B5EA-65A8877013CB}.Debug|ARM.ActiveCfg = Debug|ARM
		{957E1FAA-BFFE-48CC-B5EA-65A8877013CB}.Debug|ARM.Build.0 = Debug|ARM
		{957E1FAA-BFFE-48CC-B5EA-65A8877013CB}.Debug|ARM.Deploy.0 = Debug|ARM
		{957E1FAA-BFFE-48CC-B5EA-65A8877013CB}.Debug|ARM64.ActiveCfg = Debug|ARM64
		{957E1FAA-BFFE-48CC-B5EA-65A8877013CB}.Debug|ARM64.Build.0 = Debug|ARM64
		{957E1FAA-BFFE-48CC-B5EA-65A8877013CB}.Debug|ARM64.Deploy.0 = Debug|ARM64
		{957E1FAA-BFFE-48CC-B5EA-65A8877013CB}.Debug|x64.ActiveCfg = Debug|x64
		{957E1FAA-BFFE-48CC-B5EA-65A8877013CB}.Debug|x64.Build.0 = Debug|x64
		{957E1FAA-BFFE-48CC-B5EA-65A8877013CB}.Debug|x64.Deploy.0 = Debug|x64
		{957E1FAA-BFFE-48CC-B5EA-65A8877013CB}.Debug|x86.ActiveCfg = Debug|Win32
		{957E1FAA-BFFE-48CC-B5EA-65A8877013CB}.Debug|x86.Build.0 = Debug|Win32
		{957E1FAA-BFFE-48CC-B5EA-65A8877013CB}.Debug|x86.Deploy.0 = Debug|Win32
		{957E1FAA-BFFE-48CC-B5EA-65A8877013CB}.Release|ARM.ActiveCfg = Release|ARM
		{957E1FAA-BFFE-48CC-B5EA-65A8877013CB}.Release|ARM.Build.0 = Release|ARM
		{957E1FAA-BFFE-48CC-B5EA-65A8877013CB}.Release|ARM.Deploy.0 = Release|ARM
		{957E1FAA-BFFE-48CC-B5EA-65A8877013CB}.Release|ARM64.ActiveCfg = Release|ARM64
		{957E1FAA-BFFE-48CC-B5EA-65A8877013CB}.Release|ARM64.Build.0 = Release|ARM64
		{957E1FAA-BFFE-48CC-B5EA-65A8877013CB}.Release|ARM64.Deploy.0 = Release|ARM64
		{957E1FAA-BFFE-48CC-B5EA-65A8877013CB}.Release|x64.ActiveCfg = Release|x64
		{957E1FAA-BFFE-48CC-B5EA-65A8877013CB}.Release|x64.Build.0 = Release|x64
		{957E1FAA-BFFE-48CC-B5EA-65A8877013CB}.Release|x64.Deploy.0 = Release|x64
		{957E1FAA-BFFE-48CC-B5EA-65A8877013CB}.Release|x86.ActiveCfg = Release|Win32
		{957E1FAA-BFFE-48CC-B5EA-65A8877013CB}.Release|x86.Build.0 = Release|Win32
		{957E1FAA-BFFE-48CC-B5EA-65A8877013CB}.Release|x86.Deploy.0 = Release|Win32
	EndGlobalSection
	GlobalSection(SolutionProperties) = preSolution
		HideSolutionNode = FALSE
	EndGlobalSection
	GlobalSection(ExtensibilityGlobals) = postSolution
		SolutionGuid = {764BC8CF-6FAC-4367-B6C3-A84D5B12472C}
	EndGlobalSection
EndGlobal
